{
  "requires": true,
  "lockfileVersion": 1,
  "dependencies": {
    "@qiun/ucharts": {
      "version": "2.4.3-20220505",
      "resolved": "https://registry.npmmirror.com/@qiun/ucharts/-/ucharts-2.4.3-20220505.tgz",
      "integrity": "sha512-2ndkqsHfGPTCEcnPOb2xvA+LBtiTlvH/y8uIBzxQhXa1y1jQkNaY9PwZkhQjiIrX8rgiZncjAW6nkBgHLIx7zw=="
    },
    "@vue/devtools-api": {
      "version": "6.2.1",
      "resolved": "https://registry.npmmirror.com/@vue/devtools-api/-/devtools-api-6.2.1.tgz",
      "integrity": "sha512-OEgAMeQXvCoJ+1x8WyQuVZzFo0wcyCmUR3baRVLmKBo1LmYZWMlRiXlux5jd0fqVJu6PfDbOrZItVqUEzLobeQ=="
    },
    "vuex": {
      "version": "4.0.2",
      "resolved": "https://registry.npmmirror.com/vuex/-/vuex-4.0.2.tgz",
      "integrity": "sha512-M6r8uxELjZIK8kTKDGgZTYX/ahzblnzC4isU1tpmEuOIIKmV+TRdc+H4s8ds2NuZ7wpUTdGRzJRtoj+lI+pc0Q==",
      "requires": {
        "@vue/devtools-api": "^6.0.0-beta.11"
      }
    }
  }
}
